
Microsoft Visual Studio Solution File, Format Version 12.00
# Visual Studio Version 16
VisualStudioVersion = 16.0.29009.5
MinimumVisualStudioVersion = 10.0.40219.1
Project("{9A19103F-16F7-4668-BE54-9A1E7A4F7556}") = "LogTrack", "LogTrack\LogTrack.csproj", "{53CBDA44-D625-4230-9FDE-A21A5DD3938B}"
EndProject
Project("{9A19103F-16F7-4668-BE54-9A1E7A4F7556}") = "DataTrack.Util", "..\Common\DataTrack.Util\DataTrack.Util.csproj", "{09DB8880-D44F-49DE-A5F8-7496C738F77E}"
EndProject
Project("{9A19103F-16F7-4668-BE54-9A1E7A4F7556}") = "DataTrack.Logging", "..\Common\DataTrack.Logging\DataTrack.Logging.csproj", "{27A82DC8-9CE7-452B-A9FD-3B5616DEC0DB}"
EndProject
Global
	GlobalSection(SolutionConfigurationPlatforms) = preSolution
		Debug|Any CPU = Debug|Any CPU
		Release|Any CPU = Release|Any CPU
	EndGlobalSection
	GlobalSection(ProjectConfigurationPlatforms) = postSolution
		{53CBDA44-D625-4230-9FDE-A21A5DD3938B}.Debug|Any CPU.ActiveCfg = Debug|Any CPU
		{53CBDA44-D625-4230-9FDE-A21A5DD3938B}.Debug|Any CPU.Build.0 = Debug|Any CPU
		{53CBDA44-D625-4230-9FDE-A21A5DD3938B}.Release|Any CPU.ActiveCfg = Release|Any CPU
		{53CBDA44-D625-4230-9FDE-A21A5DD3938B}.Release|Any CPU.Build.0 = Release|Any CPU
		{09DB8880-D44F-49DE-A5F8-7496C738F77E}.Debug|Any CPU.ActiveCfg = Debug|Any CPU
		{09DB8880-D44F-49DE-A5F8-7496C738F77E}.Debug|Any CPU.Build.0 = Debug|Any CPU
		{09DB8880-D44F-49DE-A5F8-7496C738F77E}.Release|Any CPU.ActiveCfg = Release|Any CPU
		{09DB8880-D44F-49DE-A5F8-7496C738F77E}.Release|Any CPU.Build.0 = Release|Any CPU
		{27A82DC8-9CE7-452B-A9FD-3B5616DEC0DB}.Debug|Any CPU.ActiveCfg = Debug|Any CPU
		{27A82DC8-9CE7-452B-A9FD-3B5616DEC0DB}.Debug|Any CPU.Build.0 = Debug|Any CPU
		{27A82DC8-9CE7-452B-A9FD-3B5616DEC0DB}.Release|Any CPU.ActiveCfg = Release|Any CPU
		{27A82DC8-9CE7-452B-A9FD-3B5616DEC0DB}.Release|Any CPU.Build.0 = Release|Any CPU
	EndGlobalSection
	GlobalSection(SolutionProperties) = preSolution
		HideSolutionNode = FALSE
	EndGlobalSection
	GlobalSection(ExtensibilityGlobals) = postSolution
		SolutionGuid = {D3461986-B541-4A20-AAAD-6EAFC3A30F7E}
	EndGlobalSection
EndGlobal
