
Microsoft Visual Studio Solution File, Format Version 12.00
# Visual Studio Version 16
VisualStudioVersion = 16.0.28803.452
MinimumVisualStudioVersion = 10.0.40219.1
Project("{9A19103F-16F7-4668-BE54-9A1E7A4F7556}") = "DataTrack.Core", "DataTrack.Core\DataTrack.Core.csproj", "{AAEC2A34-9C41-4F69-AA3C-FAB2E322DA0E}"
EndProject
Project("{9A19103F-16F7-4668-BE54-9A1E7A4F7556}") = "DataTrack.Core.Tests", "DataTrack.Core.Tests\DataTrack.Core.Tests.csproj", "{943D1E0C-965E-4B37-885D-121D7F9C3495}"
EndProject
Project("{9A19103F-16F7-4668-BE54-9A1E7A4F7556}") = "DataTrack.Logging", "..\Common\DataTrack.Logging\DataTrack.Logging.csproj", "{E046E681-4DD0-4444-935D-DF8EBFB6BFBA}"
EndProject
Project("{9A19103F-16F7-4668-BE54-9A1E7A4F7556}") = "DataTrack.Util", "..\Common\DataTrack.Util\DataTrack.Util.csproj", "{2F7DC2A4-FCE4-4F83-AC15-B8925A9E6F9E}"
EndProject
Global
	GlobalSection(SolutionConfigurationPlatforms) = preSolution
		Debug|Any CPU = Debug|Any CPU
		Release|Any CPU = Release|Any CPU
	EndGlobalSection
	GlobalSection(ProjectConfigurationPlatforms) = postSolution
		{AAEC2A34-9C41-4F69-AA3C-FAB2E322DA0E}.Debug|Any CPU.ActiveCfg = Debug|Any CPU
		{AAEC2A34-9C41-4F69-AA3C-FAB2E322DA0E}.Debug|Any CPU.Build.0 = Debug|Any CPU
		{AAEC2A34-9C41-4F69-AA3C-FAB2E322DA0E}.Release|Any CPU.ActiveCfg = Release|Any CPU
		{AAEC2A34-9C41-4F69-AA3C-FAB2E322DA0E}.Release|Any CPU.Build.0 = Release|Any CPU
		{943D1E0C-965E-4B37-885D-121D7F9C3495}.Debug|Any CPU.ActiveCfg = Debug|Any CPU
		{943D1E0C-965E-4B37-885D-121D7F9C3495}.Debug|Any CPU.Build.0 = Debug|Any CPU
		{943D1E0C-965E-4B37-885D-121D7F9C3495}.Release|Any CPU.ActiveCfg = Release|Any CPU
		{943D1E0C-965E-4B37-885D-121D7F9C3495}.Release|Any CPU.Build.0 = Release|Any CPU
		{E046E681-4DD0-4444-935D-DF8EBFB6BFBA}.Debug|Any CPU.ActiveCfg = Debug|Any CPU
		{E046E681-4DD0-4444-935D-DF8EBFB6BFBA}.Debug|Any CPU.Build.0 = Debug|Any CPU
		{E046E681-4DD0-4444-935D-DF8EBFB6BFBA}.Release|Any CPU.ActiveCfg = Release|Any CPU
		{E046E681-4DD0-4444-935D-DF8EBFB6BFBA}.Release|Any CPU.Build.0 = Release|Any CPU
		{2F7DC2A4-FCE4-4F83-AC15-B8925A9E6F9E}.Debug|Any CPU.ActiveCfg = Debug|Any CPU
		{2F7DC2A4-FCE4-4F83-AC15-B8925A9E6F9E}.Debug|Any CPU.Build.0 = Debug|Any CPU
		{2F7DC2A4-FCE4-4F83-AC15-B8925A9E6F9E}.Release|Any CPU.ActiveCfg = Release|Any CPU
		{2F7DC2A4-FCE4-4F83-AC15-B8925A9E6F9E}.Release|Any CPU.Build.0 = Release|Any CPU
	EndGlobalSection
	GlobalSection(SolutionProperties) = preSolution
		HideSolutionNode = FALSE
	EndGlobalSection
	GlobalSection(ExtensibilityGlobals) = postSolution
		SolutionGuid = {1C711F31-4692-4163-854F-C4BD55E536AD}
	EndGlobalSection
EndGlobal
